
Microsoft Visual Studio Solution File, Format Version 12.00
# Visual Studio Version 17
VisualStudioVersion = 17.11.35312.102
MinimumVisualStudioVersion = 10.0.40219.1
Project("{FAE04EC0-301F-11D3-BF4B-00C04F79EFBC}") = "PlatformDemoDbContext", "PlatformDemoDbContext\PlatformDemoDbContext.csproj", "{CA86BC85-AC6A-411F-912B-D36BF4D83B97}"
EndProject
Project("{FAE04EC0-301F-11D3-BF4B-00C04F79EFBC}") = "platformDemoWeb", "platformDemoWeb\platformDemoWeb.csproj", "{220F239D-3B7C-48DA-8D1E-B1600FA89AD1}"
EndProject
Global
	GlobalSection(SolutionConfigurationPlatforms) = preSolution
		Debug|Any CPU = Debug|Any CPU
		Release|Any CPU = Release|Any CPU
	EndGlobalSection
	GlobalSection(ProjectConfigurationPlatforms) = postSolution
		{CA86BC85-AC6A-411F-912B-D36BF4D83B97}.Debug|Any CPU.ActiveCfg = Debug|Any CPU
		{CA86BC85-AC6A-411F-912B-D36BF4D83B97}.Debug|Any CPU.Build.0 = Debug|Any CPU
		{CA86BC85-AC6A-411F-912B-D36BF4D83B97}.Release|Any CPU.ActiveCfg = Release|Any CPU
		{CA86BC85-AC6A-411F-912B-D36BF4D83B97}.Release|Any CPU.Build.0 = Release|Any CPU
		{220F239D-3B7C-48DA-8D1E-B1600FA89AD1}.Debug|Any CPU.ActiveCfg = Debug|Any CPU
		{220F239D-3B7C-48DA-8D1E-B1600FA89AD1}.Debug|Any CPU.Build.0 = Debug|Any CPU
		{220F239D-3B7C-48DA-8D1E-B1600FA89AD1}.Release|Any CPU.ActiveCfg = Release|Any CPU
		{220F239D-3B7C-48DA-8D1E-B1600FA89AD1}.Release|Any CPU.Build.0 = Release|Any CPU
	EndGlobalSection
	GlobalSection(SolutionProperties) = preSolution
		HideSolutionNode = FALSE
	EndGlobalSection
	GlobalSection(ExtensibilityGlobals) = postSolution
		SolutionGuid = {3830D9B3-8030-4120-8701-8F3031362A5D}
	EndGlobalSection
EndGlobal
